# This file is automatically @generated by Cargo.
# It is not intended for manual editing.
version = 4

[[package]]
name = "rustc-hash"
version = "2.1.3"
source = "registry+https://github.com/rust-lang/crates.io-index"
checksum = "6b1e7f9a428571be2dc5bc0505c13fb6bf936822b894ec87abf8a08a4e51742d"

[[package]]
name = "windows-collections"
version = "0.100.0"
source = "git+https://github.com/microsoft/windows-rs.git?rev=cc5704b649836ca29bc85f0ac294659cbb889d51#cc5704b649836ca29bc85f0ac294659cbb889d51"
dependencies = [
 "windows-core",
]

[[package]]
name = "windows-core"
version = "0.100.0"
source = "git+https://github.com/microsoft/windows-rs.git?rev=cc5704b649836ca29bc85f0ac294659cbb889d51#cc5704b649836ca29bc85f0ac294659cbb889d51"
dependencies = [
 "windows-link",
 "windows-result",
 "windows-strings",
]

[[package]]
name = "windows-future"
version = "0.100.0"
source = "git+https://github.com/microsoft/windows-rs.git?rev=cc5704b649836ca29bc85f0ac294659cbb889d51#cc5704b649836ca29bc85f0ac294659cbb889d51"
dependencies = [
 "windows-core",
 "windows-link",
 "windows-threading",
]

[[package]]
name = "windows-link"
version = "0.100.0"
source = "git+https://github.com/microsoft/windows-rs.git?rev=cc5704b649836ca29bc85f0ac294659cbb889d51#cc5704b649836ca29bc85f0ac294659cbb889d51"

[[package]]
name = "windows-numerics"
version = "0.100.0"
source = "git+https://github.com/microsoft/windows-rs.git?rev=cc5704b649836ca29bc85f0ac294659cbb889d51#cc5704b649836ca29bc85f0ac294659cbb889d51"
dependencies = [
 "windows-core",
]

[[package]]
name = "windows-reactor"
version = "0.100.0"
source = "git+https://github.com/microsoft/windows-rs.git?rev=cc5704b649836ca29bc85f0ac294659cbb889d51#cc5704b649836ca29bc85f0ac294659cbb889d51"
dependencies = [
 "rustc-hash",
 "windows-collections",
 "windows-core",
 "windows-future",
 "windows-numerics",
 "windows-reference",
 "windows-threading",
 "windows-time",
]

[[package]]
name = "windows-reference"
version = "0.100.0"
source = "git+https://github.com/microsoft/windows-rs.git?rev=cc5704b649836ca29bc85f0ac294659cbb889d51#cc5704b649836ca29bc85f0ac294659cbb889d51"
dependencies = [
 "windows-core",
 "windows-time",
]

[[package]]
name = "windows-result"
version = "0.100.0"
source = "git+https://github.com/microsoft/windows-rs.git?rev=cc5704b649836ca29bc85f0ac294659cbb889d51#cc5704b649836ca29bc85f0ac294659cbb889d51"
dependencies = [
 "windows-link",
]

[[package]]
name = "windows-strings"
version = "0.100.0"
source = "git+https://github.com/microsoft/windows-rs.git?rev=cc5704b649836ca29bc85f0ac294659cbb889d51#cc5704b649836ca29bc85f0ac294659cbb889d51"
dependencies = [
 "windows-link",
]

[[package]]
name = "windows-threading"
version = "0.100.0"
source = "git+https://github.com/microsoft/windows-rs.git?rev=cc5704b649836ca29bc85f0ac294659cbb889d51#cc5704b649836ca29bc85f0ac294659cbb889d51"
dependencies = [
 "windows-link",
]

[[package]]
name = "windows-time"
version = "0.100.0"
source = "git+https://github.com/microsoft/windows-rs.git?rev=cc5704b649836ca29bc85f0ac294659cbb889d51#cc5704b649836ca29bc85f0ac294659cbb889d51"
dependencies = [
 "windows-core",
]

[[package]]
name = "winui_reactor_app"
version = "0.1.0"
dependencies = [
 "windows-reactor",
]
